github.com/moby/buildkit v0.25.1 h1:j7IlVkeNbEo+ZLoxdudYCHpmTsbwKvhgc/6UJ/mY/o8=
github.com/moby/buildkit v0.25.1/go.mod h1:phM8sdqnvgK2y1dPDnbwI6veUCXHOZ6KFSl6E164tkc=
github.com/pkg/errors v0.9.1 h1:FEBLx1zS214owpjy7qsBeixbURkuhQAwrK5UwLGTwt4=
github.com/pkg/errors v0.9.1/go.mod h1:bwawxfHBFNV+L2hUp1rHADufV3IMtnDRdf1r5NINEl0=
